
Microsoft Visual Studio Solution File, Format Version 12.00
# Visual Studio Version 16
VisualStudioVersion = 16.0.31613.86
MinimumVisualStudioVersion = 10.0.40219.1
Project("{FAE04EC0-301F-11D3-BF4B-00C04F79EFBC}") = "KhamsaCourseProject", "KhamsaCourseProject\KhamsaCourseProject.csproj", "{1B8DA2A0-05A4-4358-B159-1BD9544DFCB0}"
EndProject
Global
	GlobalSection(SolutionConfigurationPlatforms) = preSolution
		Debug|Any CPU = Debug|Any CPU
		Release|Any CPU = Release|Any CPU
	EndGlobalSection
	GlobalSection(ProjectConfigurationPlatforms) = postSolution
		{1B8DA2A0-05A4-4358-B159-1BD9544DFCB0}.Debug|Any CPU.ActiveCfg = Debug|Any CPU
		{1B8DA2A0-05A4-4358-B159-1BD9544DFCB0}.Debug|Any CPU.Build.0 = Debug|Any CPU
		{1B8DA2A0-05A4-4358-B159-1BD9544DFCB0}.Release|Any CPU.ActiveCfg = Release|Any CPU
		{1B8DA2A0-05A4-4358-B159-1BD9544DFCB0}.Release|Any CPU.Build.0 = Release|Any CPU
	EndGlobalSection
	GlobalSection(SolutionProperties) = preSolution
		HideSolutionNode = FALSE
	EndGlobalSection
	GlobalSection(ExtensibilityGlobals) = postSolution
		SolutionGuid = {AA31357B-3F06-4373-8BAA-99884E2F216E}
	EndGlobalSection
EndGlobal
